
Microsoft Visual Studio Solution File, Format Version 12.00
# Visual Studio Version 17
VisualStudioVersion = 17.13.35931.197 d17.13
MinimumVisualStudioVersion = 10.0.40219.1
Project("{FAE04EC0-301F-11D3-BF4B-00C04F79EFBC}") = "remedial-pbo", "remedial-pbo.csproj", "{87C86035-667E-47D4-9912-E7E9C501B52B}"
EndProject
Global
	GlobalSection(SolutionConfigurationPlatforms) = preSolution
		Debug|Any CPU = Debug|Any CPU
		Release|Any CPU = Release|Any CPU
	EndGlobalSection
	GlobalSection(ProjectConfigurationPlatforms) = postSolution
		{87C86035-667E-47D4-9912-E7E9C501B52B}.Debug|Any CPU.ActiveCfg = Debug|Any CPU
		{87C86035-667E-47D4-9912-E7E9C501B52B}.Debug|Any CPU.Build.0 = Debug|Any CPU
		{87C86035-667E-47D4-9912-E7E9C501B52B}.Release|Any CPU.ActiveCfg = Release|Any CPU
		{87C86035-667E-47D4-9912-E7E9C501B52B}.Release|Any CPU.Build.0 = Release|Any CPU
	EndGlobalSection
	GlobalSection(SolutionProperties) = preSolution
		HideSolutionNode = FALSE
	EndGlobalSection
	GlobalSection(ExtensibilityGlobals) = postSolution
		SolutionGuid = {F77DA1C3-4635-45A3-8086-F55F92EB745F}
	EndGlobalSection
EndGlobal
